<?xml version="1.0" encoding="UTF-8" standalone="yes" ?>
<CodeBlocks_project_file>
	<FileVersion major="1" minor="6" />
	<Project>
		<Option title="markdown" />
		<Option makefile="makefile" />
		<Option pch_mode="2" />
		<Option default_target="Release" />
		<Option compiler="gcc" />
		<Build>
			<Target title="Debug">
				<Option output="bin/Debug/markdown" prefix_auto="1" extension_auto="1" />
				<Option object_output="obj/Debug/" />
				<Option type="1" />
				<Option compiler="gcc" />
				<Compiler>
					<Add option="-g" />
				</Compiler>
				<Linker>
					<Add library="markdown" />
				</Linker>
			</Target>
			<Target title="Release">
				<Option output="markdown" prefix_auto="1" extension_auto="1" />
				<Option object_output="obj/Release/" />
				<Option external_deps="libmarkdown.a;" />
				<Option type="1" />
				<Option compiler="gcc" />
				<Option parameters="-o README.html README.md" />
				<Compiler>
					<Add option="-O3" />
				</Compiler>
				<Linker>
					<Add library="markdown" />
				</Linker>
			</Target>
		</Build>
		<Compiler>
			<Add option="-Wall" />
			<Add option="-fexceptions" />
			<Add option="-std=gnu++11" />
		</Compiler>
		<Linker>
			<Add directory="." />
		</Linker>
		<Unit filename="Tests/Amps and angle encoding.text" />
		<Unit filename="Tests/Auto links.text" />
		<Unit filename="Tests/Backslash escapes.text" />
		<Unit filename="Tests/Blockquotes with code blocks.text" />
		<Unit filename="Tests/Custom.text" />
		<Unit filename="Tests/Hard-wrapped paragraphs with list-like lines.text" />
		<Unit filename="Tests/Horizontal rules.text" />
		<Unit filename="Tests/Inline HTML (Advanced).text" />
		<Unit filename="Tests/Inline HTML (Simple).text" />
		<Unit filename="Tests/Inline HTML comments.text" />
		<Unit filename="Tests/Links, inline style.text" />
		<Unit filename="Tests/Links, reference style.text" />
		<Unit filename="Tests/Literal quotes in titles.text" />
		<Unit filename="Tests/Markdown Documentation - Basics.text" />
		<Unit filename="Tests/Markdown Documentation - Syntax.text" />
		<Unit filename="Tests/Nested blockquotes.text" />
		<Unit filename="Tests/Ordered and unordered lists.text" />
		<Unit filename="Tests/Strong and em together.text" />
		<Unit filename="Tests/Tabs.text" />
		<Unit filename="Tests/Tidyness.text" />
		<Unit filename="file.cpp" />
		<Unit filename="file.h" />
		<Unit filename="html/Amps and angle encoding.html" />
		<Unit filename="html/Auto links.html" />
		<Unit filename="html/Backslash escapes.html" />
		<Unit filename="html/Blockquotes with code blocks.html" />
		<Unit filename="html/Hard-wrapped paragraphs with list-like lines.html" />
		<Unit filename="html/Horizontal rules.html" />
		<Unit filename="html/Inline HTML (Advanced).html" />
		<Unit filename="html/Inline HTML (Simple).html" />
		<Unit filename="html/Inline HTML comments.html" />
		<Unit filename="html/Links, inline style.html" />
		<Unit filename="html/Links, reference style.html" />
		<Unit filename="html/Literal quotes in titles.html" />
		<Unit filename="html/Markdown Documentation - Basics.html" />
		<Unit filename="html/Markdown Documentation - Syntax.html" />
		<Unit filename="html/Nested blockquotes.html" />
		<Unit filename="html/Ordered and unordered lists.html" />
		<Unit filename="html/Strong and em together.html" />
		<Unit filename="html/Tabs.html" />
		<Unit filename="html/Tidyness.html" />
		<Unit filename="main.cpp" />
		<Unit filename="test.h" />
		<Extensions>
			<DoxyBlocks>
				<comment_style block="0" line="0" />
				<doxyfile_project />
				<doxyfile_build />
				<doxyfile_warnings />
				<doxyfile_output />
				<doxyfile_dot />
				<general />
			</DoxyBlocks>
			<code_completion />
			<envvars />
			<debugger />
		</Extensions>
	</Project>
</CodeBlocks_project_file>
